
Microsoft Visual Studio Solution File, Format Version 12.00
# Visual Studio Version 17
VisualStudioVersion = 17.4.33403.182
MinimumVisualStudioVersion = 10.0.40219.1
Project("{8BC9CEB8-8B4A-11D0-8D11-00A0C91BC942}") = "Напиши хоть строчку", "Напиши хоть строчку\Напиши хоть строчку.vcxproj", "{F9D0BAC7-F8EE-41DA-8FE2-7FE793767747}"
EndProject
Global
	GlobalSection(SolutionConfigurationPlatforms) = preSolution
		Debug|x64 = Debug|x64
		Debug|x86 = Debug|x86
		Release|x64 = Release|x64
		Release|x86 = Release|x86
	EndGlobalSection
	GlobalSection(ProjectConfigurationPlatforms) = postSolution
		{F9D0BAC7-F8EE-41DA-8FE2-7FE793767747}.Debug|x64.ActiveCfg = Debug|x64
		{F9D0BAC7-F8EE-41DA-8FE2-7FE793767747}.Debug|x64.Build.0 = Debug|x64
		{F9D0BAC7-F8EE-41DA-8FE2-7FE793767747}.Debug|x86.ActiveCfg = Debug|Win32
		{F9D0BAC7-F8EE-41DA-8FE2-7FE793767747}.Debug|x86.Build.0 = Debug|Win32
		{F9D0BAC7-F8EE-41DA-8FE2-7FE793767747}.Release|x64.ActiveCfg = Release|x64
		{F9D0BAC7-F8EE-41DA-8FE2-7FE793767747}.Release|x64.Build.0 = Release|x64
		{F9D0BAC7-F8EE-41DA-8FE2-7FE793767747}.Release|x86.ActiveCfg = Release|Win32
		{F9D0BAC7-F8EE-41DA-8FE2-7FE793767747}.Release|x86.Build.0 = Release|Win32
	EndGlobalSection
	GlobalSection(SolutionProperties) = preSolution
		HideSolutionNode = FALSE
	EndGlobalSection
	GlobalSection(ExtensibilityGlobals) = postSolution
		SolutionGuid = {FEC3D02C-BB37-4310-9431-3FD492466AF5}
	EndGlobalSection
EndGlobal
